
Microsoft Visual Studio Solution File, Format Version 12.00
# Visual Studio 2013
VisualStudioVersion = 12.0.21005.1
MinimumVisualStudioVersion = 10.0.40219.1
Project("{FAE04EC0-301F-11D3-BF4B-00C04F79EFBC}") = "DEHRIS", "DEHRIS\DEHRIS.csproj", "{57C7C715-7172-4962-918C-D5845A5706E6}"
EndProject
Project("{FAE04EC0-301F-11D3-BF4B-00C04F79EFBC}") = "DEHRISModel", "DEHRISAPI\DEHRISModel.csproj", "{7EADD593-E824-4E16-8F6F-BE8AF2A68440}"
EndProject
Project("{FAE04EC0-301F-11D3-BF4B-00C04F79EFBC}") = "DEHRISAPI", "DEHRISDL\DEHRISAPI.csproj", "{93FDFE09-D8A3-40FB-BA05-1DCF10E818B1}"
EndProject
Project("{FAE04EC0-301F-11D3-BF4B-00C04F79EFBC}") = "EXCELPARSER", "EXCELPARSER\EXCELPARSER.csproj", "{62F22DE8-EAD2-4A94-9284-795683E0D583}"
EndProject
Project("{FAE04EC0-301F-11D3-BF4B-00C04F79EFBC}") = "DEHRISDB", "DEHRISDB\DEHRISDB.csproj", "{E59DD593-21A7-4270-BE14-3A91EDB93ADB}"
EndProject
Project("{FAE04EC0-301F-11D3-BF4B-00C04F79EFBC}") = "DEHRISClient", "DEHRISClient\DEHRISClient.csproj", "{73497F5C-34A1-4A04-8AAB-299B2ABECC3D}"
EndProject
Project("{FAE04EC0-301F-11D3-BF4B-00C04F79EFBC}") = "DEHRISClientAPI", "DEHRISClientAPI\DEHRISClientAPI.csproj", "{48F883BB-8F1D-4150-8ED8-70B671133E12}"
EndProject
Global
	GlobalSection(SolutionConfigurationPlatforms) = preSolution
		Debug|Any CPU = Debug|Any CPU
		Release|Any CPU = Release|Any CPU
	EndGlobalSection
	GlobalSection(ProjectConfigurationPlatforms) = postSolution
		{57C7C715-7172-4962-918C-D5845A5706E6}.Debug|Any CPU.ActiveCfg = Debug|Any CPU
		{57C7C715-7172-4962-918C-D5845A5706E6}.Debug|Any CPU.Build.0 = Debug|Any CPU
		{57C7C715-7172-4962-918C-D5845A5706E6}.Release|Any CPU.ActiveCfg = Release|Any CPU
		{57C7C715-7172-4962-918C-D5845A5706E6}.Release|Any CPU.Build.0 = Release|Any CPU
		{7EADD593-E824-4E16-8F6F-BE8AF2A68440}.Debug|Any CPU.ActiveCfg = Debug|Any CPU
		{7EADD593-E824-4E16-8F6F-BE8AF2A68440}.Debug|Any CPU.Build.0 = Debug|Any CPU
		{7EADD593-E824-4E16-8F6F-BE8AF2A68440}.Release|Any CPU.ActiveCfg = Release|Any CPU
		{7EADD593-E824-4E16-8F6F-BE8AF2A68440}.Release|Any CPU.Build.0 = Release|Any CPU
		{93FDFE09-D8A3-40FB-BA05-1DCF10E818B1}.Debug|Any CPU.ActiveCfg = Debug|Any CPU
		{93FDFE09-D8A3-40FB-BA05-1DCF10E818B1}.Debug|Any CPU.Build.0 = Debug|Any CPU
		{93FDFE09-D8A3-40FB-BA05-1DCF10E818B1}.Release|Any CPU.ActiveCfg = Release|Any CPU
		{93FDFE09-D8A3-40FB-BA05-1DCF10E818B1}.Release|Any CPU.Build.0 = Release|Any CPU
		{62F22DE8-EAD2-4A94-9284-795683E0D583}.Debug|Any CPU.ActiveCfg = Debug|Any CPU
		{62F22DE8-EAD2-4A94-9284-795683E0D583}.Debug|Any CPU.Build.0 = Debug|Any CPU
		{62F22DE8-EAD2-4A94-9284-795683E0D583}.Release|Any CPU.ActiveCfg = Release|Any CPU
		{62F22DE8-EAD2-4A94-9284-795683E0D583}.Release|Any CPU.Build.0 = Release|Any CPU
		{E59DD593-21A7-4270-BE14-3A91EDB93ADB}.Debug|Any CPU.ActiveCfg = Debug|Any CPU
		{E59DD593-21A7-4270-BE14-3A91EDB93ADB}.Debug|Any CPU.Build.0 = Debug|Any CPU
		{E59DD593-21A7-4270-BE14-3A91EDB93ADB}.Release|Any CPU.ActiveCfg = Release|Any CPU
		{E59DD593-21A7-4270-BE14-3A91EDB93ADB}.Release|Any CPU.Build.0 = Release|Any CPU
		{73497F5C-34A1-4A04-8AAB-299B2ABECC3D}.Debug|Any CPU.ActiveCfg = Debug|Any CPU
		{73497F5C-34A1-4A04-8AAB-299B2ABECC3D}.Debug|Any CPU.Build.0 = Debug|Any CPU
		{73497F5C-34A1-4A04-8AAB-299B2ABECC3D}.Release|Any CPU.ActiveCfg = Release|Any CPU
		{73497F5C-34A1-4A04-8AAB-299B2ABECC3D}.Release|Any CPU.Build.0 = Release|Any CPU
		{48F883BB-8F1D-4150-8ED8-70B671133E12}.Debug|Any CPU.ActiveCfg = Debug|Any CPU
		{48F883BB-8F1D-4150-8ED8-70B671133E12}.Debug|Any CPU.Build.0 = Debug|Any CPU
		{48F883BB-8F1D-4150-8ED8-70B671133E12}.Release|Any CPU.ActiveCfg = Release|Any CPU
		{48F883BB-8F1D-4150-8ED8-70B671133E12}.Release|Any CPU.Build.0 = Release|Any CPU
	EndGlobalSection
	GlobalSection(SolutionProperties) = preSolution
		HideSolutionNode = FALSE
	EndGlobalSection
EndGlobal
