
Microsoft Visual Studio Solution File, Format Version 12.00
# Visual Studio 2013
VisualStudioVersion = 12.0.21005.1
MinimumVisualStudioVersion = 10.0.40219.1
Project("{FAE04EC0-301F-11D3-BF4B-00C04F79EFBC}") = "DEHRIS", "DEHRIS\DEHRIS.csproj", "{57C7C715-7172-4962-918C-D5845A5706E6}"
EndProject
Project("{FAE04EC0-301F-11D3-BF4B-00C04F79EFBC}") = "DEHRISDataLayer", "DEHRISMODEL\DEHRISDataLayer.csproj", "{02AC9E70-7A5E-4BA7-8EAD-178DAAF459C5}"
EndProject
Project("{FAE04EC0-301F-11D3-BF4B-00C04F79EFBC}") = "DEHRISModel", "DEHRISAPI\DEHRISModel.csproj", "{7EADD593-E824-4E16-8F6F-BE8AF2A68440}"
EndProject
Project("{FAE04EC0-301F-11D3-BF4B-00C04F79EFBC}") = "DEHRISAPI", "DEHRISDL\DEHRISAPI.csproj", "{93FDFE09-D8A3-40FB-BA05-1DCF10E818B1}"
EndProject
Project("{FAE04EC0-301F-11D3-BF4B-00C04F79EFBC}") = "EXCELPARSER", "EXCELPARSER\EXCELPARSER.csproj", "{62F22DE8-EAD2-4A94-9284-795683E0D583}"
EndProject
Global
	GlobalSection(SolutionConfigurationPlatforms) = preSolution
		Debug|Any CPU = Debug|Any CPU
		Release|Any CPU = Release|Any CPU
	EndGlobalSection
	GlobalSection(ProjectConfigurationPlatforms) = postSolution
		{57C7C715-7172-4962-918C-D5845A5706E6}.Debug|Any CPU.ActiveCfg = Debug|Any CPU
		{57C7C715-7172-4962-918C-D5845A5706E6}.Debug|Any CPU.Build.0 = Debug|Any CPU
		{57C7C715-7172-4962-918C-D5845A5706E6}.Release|Any CPU.ActiveCfg = Release|Any CPU
		{57C7C715-7172-4962-918C-D5845A5706E6}.Release|Any CPU.Build.0 = Release|Any CPU
		{02AC9E70-7A5E-4BA7-8EAD-178DAAF459C5}.Debug|Any CPU.ActiveCfg = Debug|Any CPU
		{02AC9E70-7A5E-4BA7-8EAD-178DAAF459C5}.Debug|Any CPU.Build.0 = Debug|Any CPU
		{02AC9E70-7A5E-4BA7-8EAD-178DAAF459C5}.Release|Any CPU.ActiveCfg = Release|Any CPU
		{02AC9E70-7A5E-4BA7-8EAD-178DAAF459C5}.Release|Any CPU.Build.0 = Release|Any CPU
		{7EADD593-E824-4E16-8F6F-BE8AF2A68440}.Debug|Any CPU.ActiveCfg = Debug|Any CPU
		{7EADD593-E824-4E16-8F6F-BE8AF2A68440}.Debug|Any CPU.Build.0 = Debug|Any CPU
		{7EADD593-E824-4E16-8F6F-BE8AF2A68440}.Release|Any CPU.ActiveCfg = Release|Any CPU
		{7EADD593-E824-4E16-8F6F-BE8AF2A68440}.Release|Any CPU.Build.0 = Release|Any CPU
		{93FDFE09-D8A3-40FB-BA05-1DCF10E818B1}.Debug|Any CPU.ActiveCfg = Debug|Any CPU
		{93FDFE09-D8A3-40FB-BA05-1DCF10E818B1}.Debug|Any CPU.Build.0 = Debug|Any CPU
		{93FDFE09-D8A3-40FB-BA05-1DCF10E818B1}.Release|Any CPU.ActiveCfg = Release|Any CPU
		{93FDFE09-D8A3-40FB-BA05-1DCF10E818B1}.Release|Any CPU.Build.0 = Release|Any CPU
		{62F22DE8-EAD2-4A94-9284-795683E0D583}.Debug|Any CPU.ActiveCfg = Debug|Any CPU
		{62F22DE8-EAD2-4A94-9284-795683E0D583}.Debug|Any CPU.Build.0 = Debug|Any CPU
		{62F22DE8-EAD2-4A94-9284-795683E0D583}.Release|Any CPU.ActiveCfg = Release|Any CPU
		{62F22DE8-EAD2-4A94-9284-795683E0D583}.Release|Any CPU.Build.0 = Release|Any CPU
	EndGlobalSection
	GlobalSection(SolutionProperties) = preSolution
		HideSolutionNode = FALSE
	EndGlobalSection
EndGlobal
